
Microsoft Visual Studio Solution File, Format Version 12.00
# Visual Studio 15
Project("{FAE04EC0-301F-11D3-BF4B-00C04F79EFBC}") = "Assembly-CSharp", "Assembly-CSharp.csproj", "{46D880F3-FC18-330D-5F63-137B16257C32}"
EndProject
Project("{FAE04EC0-301F-11D3-BF4B-00C04F79EFBC}") = "Meryel.CodeAssist.Editor", "Meryel.CodeAssist.Editor.csproj", "{4AB4B539-CD4D-92E1-F1A6-CA56C3D35CCD}"
EndProject
Global
	GlobalSection(SolutionConfigurationPlatforms) = preSolution
		Debug|Any CPU = Debug|Any CPU
		Release|Any CPU = Release|Any CPU
	EndGlobalSection
	GlobalSection(ProjectConfigurationPlatforms) = postSolution
		{46D880F3-FC18-330D-5F63-137B16257C32}.Debug|Any CPU.ActiveCfg = Debug|Any CPU
		{46D880F3-FC18-330D-5F63-137B16257C32}.Debug|Any CPU.Build.0 = Debug|Any CPU
		{46D880F3-FC18-330D-5F63-137B16257C32}.Release|Any CPU.ActiveCfg = Release|Any CPU
		{46D880F3-FC18-330D-5F63-137B16257C32}.Release|Any CPU.Build.0 = Release|Any CPU
		{4AB4B539-CD4D-92E1-F1A6-CA56C3D35CCD}.Debug|Any CPU.ActiveCfg = Debug|Any CPU
		{4AB4B539-CD4D-92E1-F1A6-CA56C3D35CCD}.Debug|Any CPU.Build.0 = Debug|Any CPU
		{4AB4B539-CD4D-92E1-F1A6-CA56C3D35CCD}.Release|Any CPU.ActiveCfg = Release|Any CPU
		{4AB4B539-CD4D-92E1-F1A6-CA56C3D35CCD}.Release|Any CPU.Build.0 = Release|Any CPU
	EndGlobalSection
	GlobalSection(SolutionProperties) = preSolution
		HideSolutionNode = FALSE
	EndGlobalSection
EndGlobal
