
Microsoft Visual Studio Solution File, Format Version 12.00
# Visual Studio 15
Project("{FAE04EC0-301F-11D3-BF4B-00C04F79EFBC}") = "Assembly-CSharp", "Assembly-CSharp.csproj", "{8D9BFE92-0D78-2638-D7C6-73F38561B707}"
EndProject
Project("{FAE04EC0-301F-11D3-BF4B-00C04F79EFBC}") = "Assembly-CSharp-Editor", "Assembly-CSharp-Editor.csproj", "{54C80A8C-7029-DDCD-3AD3-F87B8DD5C780}"
EndProject
Global
	GlobalSection(SolutionConfigurationPlatforms) = preSolution
		Debug|Any CPU = Debug|Any CPU
		Release|Any CPU = Release|Any CPU
	EndGlobalSection
	GlobalSection(ProjectConfigurationPlatforms) = postSolution
		{8D9BFE92-0D78-2638-D7C6-73F38561B707}.Debug|Any CPU.ActiveCfg = Debug|Any CPU
		{8D9BFE92-0D78-2638-D7C6-73F38561B707}.Debug|Any CPU.Build.0 = Debug|Any CPU
		{8D9BFE92-0D78-2638-D7C6-73F38561B707}.Release|Any CPU.ActiveCfg = Release|Any CPU
		{8D9BFE92-0D78-2638-D7C6-73F38561B707}.Release|Any CPU.Build.0 = Release|Any CPU
		{54C80A8C-7029-DDCD-3AD3-F87B8DD5C780}.Debug|Any CPU.ActiveCfg = Debug|Any CPU
		{54C80A8C-7029-DDCD-3AD3-F87B8DD5C780}.Debug|Any CPU.Build.0 = Debug|Any CPU
		{54C80A8C-7029-DDCD-3AD3-F87B8DD5C780}.Release|Any CPU.ActiveCfg = Release|Any CPU
		{54C80A8C-7029-DDCD-3AD3-F87B8DD5C780}.Release|Any CPU.Build.0 = Release|Any CPU
	EndGlobalSection
	GlobalSection(SolutionProperties) = preSolution
		HideSolutionNode = FALSE
	EndGlobalSection
EndGlobal
